
Microsoft Visual Studio Solution File, Format Version 12.00
# Visual Studio Version 16
VisualStudioVersion = 16.0.30320.27
MinimumVisualStudioVersion = 10.0.40219.1
Project("{8BC9CEB8-8B4A-11D0-8D11-00A0C91BC942}") = "3program---week1", "3program---week1\3program---week1.vcxproj", "{4CF9CA40-A863-4812-90E7-A9F53D16E417}"
EndProject
Global
	GlobalSection(SolutionConfigurationPlatforms) = preSolution
		Debug|x64 = Debug|x64
		Debug|x86 = Debug|x86
		Release|x64 = Release|x64
		Release|x86 = Release|x86
	EndGlobalSection
	GlobalSection(ProjectConfigurationPlatforms) = postSolution
		{4CF9CA40-A863-4812-90E7-A9F53D16E417}.Debug|x64.ActiveCfg = Debug|x64
		{4CF9CA40-A863-4812-90E7-A9F53D16E417}.Debug|x64.Build.0 = Debug|x64
		{4CF9CA40-A863-4812-90E7-A9F53D16E417}.Debug|x86.ActiveCfg = Debug|Win32
		{4CF9CA40-A863-4812-90E7-A9F53D16E417}.Debug|x86.Build.0 = Debug|Win32
		{4CF9CA40-A863-4812-90E7-A9F53D16E417}.Release|x64.ActiveCfg = Release|x64
		{4CF9CA40-A863-4812-90E7-A9F53D16E417}.Release|x64.Build.0 = Release|x64
		{4CF9CA40-A863-4812-90E7-A9F53D16E417}.Release|x86.ActiveCfg = Release|Win32
		{4CF9CA40-A863-4812-90E7-A9F53D16E417}.Release|x86.Build.0 = Release|Win32
	EndGlobalSection
	GlobalSection(SolutionProperties) = preSolution
		HideSolutionNode = FALSE
	EndGlobalSection
	GlobalSection(ExtensibilityGlobals) = postSolution
		SolutionGuid = {D9820F45-D4D6-41A7-ACB0-0BC2B9821B86}
	EndGlobalSection
EndGlobal
